Microsoft Visual Studio Solution File, Format Version 12.00
# Visual Studio Version 17
VisualStudioVersion = 17.5.2.0
MinimumVisualStudioVersion = 10.0.40219.1
Project("{FAE04EC0-301F-11D3-BF4B-00C04F79EFBC}") = "SistemaPagos", "SistemaPagos.csproj", "{59122C5C-11FE-84A5-CE55-1F9016F5B082}"
EndProject
Global
	GlobalSection(SolutionConfigurationPlatforms) = preSolution
		Debug|Any CPU = Debug|Any CPU
		Release|Any CPU = Release|Any CPU
	EndGlobalSection
	GlobalSection(ProjectConfigurationPlatforms) = postSolution
		{59122C5C-11FE-84A5-CE55-1F9016F5B082}.Debug|Any CPU.ActiveCfg = Debug|Any CPU
		{59122C5C-11FE-84A5-CE55-1F9016F5B082}.Debug|Any CPU.Build.0 = Debug|Any CPU
		{59122C5C-11FE-84A5-CE55-1F9016F5B082}.Release|Any CPU.ActiveCfg = Release|Any CPU
		{59122C5C-11FE-84A5-CE55-1F9016F5B082}.Release|Any CPU.Build.0 = Release|Any CPU
	EndGlobalSection
	GlobalSection(SolutionProperties) = preSolution
		HideSolutionNode = FALSE
	EndGlobalSection
	GlobalSection(ExtensibilityGlobals) = postSolution
		SolutionGuid = {3DD8F95E-EFE0-4243-A5B3-BCBE6AB0B5D1}
	EndGlobalSection
EndGlobal
